
Microsoft Visual Studio Solution File, Format Version 12.00
# Visual Studio Version 16
VisualStudioVersion = 16.0.29519.181
MinimumVisualStudioVersion = 10.0.40219.1
Project("{FAE04EC0-301F-11D3-BF4B-00C04F79EFBC}") = "LolApp", "LolApp\LolApp.csproj", "{97B493DE-74F6-42C3-AC6E-3E4CB5F2B106}"
EndProject
Global
	GlobalSection(SolutionConfigurationPlatforms) = preSolution
		Debug|Any CPU = Debug|Any CPU
		Release|Any CPU = Release|Any CPU
	EndGlobalSection
	GlobalSection(ProjectConfigurationPlatforms) = postSolution
		{97B493DE-74F6-42C3-AC6E-3E4CB5F2B106}.Debug|Any CPU.ActiveCfg = Debug|Any CPU
		{97B493DE-74F6-42C3-AC6E-3E4CB5F2B106}.Debug|Any CPU.Build.0 = Debug|Any CPU
		{97B493DE-74F6-42C3-AC6E-3E4CB5F2B106}.Release|Any CPU.ActiveCfg = Release|Any CPU
		{97B493DE-74F6-42C3-AC6E-3E4CB5F2B106}.Release|Any CPU.Build.0 = Release|Any CPU
	EndGlobalSection
	GlobalSection(SolutionProperties) = preSolution
		HideSolutionNode = FALSE
	EndGlobalSection
	GlobalSection(ExtensibilityGlobals) = postSolution
		SolutionGuid = {92FC8F25-7EDA-4130-A8ED-90182D451D6A}
	EndGlobalSection
EndGlobal
